// !$*UTF8*$!
{
	archiveVersion = 1;
	classes = {
	};
	objectVersion = 50;
	objects = {

/* Begin PBXBuildFile section */
		3E7EE2AB222EE09D00C5C863 /* AppDelegate.swift in Sources */ = {isa = PBXBuildFile; fileRef = 3E7EE2AA222EE09D00C5C863 /* AppDelegate.swift */; };
		3E7EE2AD222EE09D00C5C863 /* ViewController.swift in Sources */ = {isa = PBXBuildFile; fileRef = 3E7EE2AC222EE09D00C5C863 /* ViewController.swift */; };
		3E7EE2B0222EE09D00C5C863 /* Main.storyboard in Resources */ = {isa = PBXBuildFile; fileRef = 3E7EE2AE222EE09D00C5C863 /* Main.storyboard */; };
		3E7EE2B2222EE09E00C5C863 /* Assets.xcassets in Resources */ = {isa = PBXBuildFile; fileRef = 3E7EE2B1222EE09E00C5C863 /* Assets.xcassets */; };
		3E7EE2B5222EE09E00C5C863 /* LaunchScreen.storyboard in Resources */ = {isa = PBXBuildFile; fileRef = 3E7EE2B3222EE09E00C5C863 /* LaunchScreen.storyboard */; };
		3E7EE2C0222EE09E00C5C863 /* funControllerTests.swift in Sources */ = {isa = PBXBuildFile; fileRef = 3E7EE2BF222EE09E00C5C863 /* funControllerTests.swift */; };
		3E7EE2CB222EE09E00C5C863 /* funControllerUITests.swift in Sources */ = {isa = PBXBuildFile; fileRef = 3E7EE2CA222EE09E00C5C863 /* funControllerUITests.swift */; };
		3EC1DD6B22308AF300F52AAC /* arrowView.swift in Sources */ = {isa = PBXBuildFile; fileRef = 3EC1DD6A22308AF300F52AAC /* arrowView.swift */; };
		6CC307467B39AA270DF9C2F8 /* Pods_funControllerTests.framework in Frameworks */ = {isa = PBXBuildFile; fileRef = C5703C4D98FE94BF886BC24A /* Pods_funControllerTests.framework */; };
		C2BA91996B124C15215FE3DB /* Pods_funController.framework in Frameworks */ = {isa = PBXBuildFile; fileRef = 829D5FFE9639C21A9F3722B4 /* Pods_funController.framework */; };
		C2F2DDA7E05994C667ECD352 /* Pods_funControllerUITests.framework in Frameworks */ = {isa = PBXBuildFile; fileRef = 41D1DA0B7DF8CDE2BBE98049 /* Pods_funControllerUITests.framework */; };
/* End PBXBuildFile section */

/* Begin PBXContainerItemProxy section */
		3E7EE2BC222EE09E00C5C863 /* PBXContainerItemProxy */ = {
			isa = PBXContainerItemProxy;
			containerPortal = 3E7EE29F222EE09C00C5C863 /* Project object */;
			proxyType = 1;
			remoteGlobalIDString = 3E7EE2A6222EE09C00C5C863;
			remoteInfo = funController;
		};
		3E7EE2C7222EE09E00C5C863 /* PBXContainerItemProxy */ = {
			isa = PBXContainerItemProxy;
			containerPortal = 3E7EE29F222EE09C00C5C863 /* Project object */;
			proxyType = 1;
			remoteGlobalIDString = 3E7EE2A6222EE09C00C5C863;
			remoteInfo = funController;
		};
/* End PBXContainerItemProxy section */

/* Begin PBXFileReference section */
		1806124A3ED4ACE47F0CA568 /* Pods-funController.release.xcconfig */ = {isa = PBXFileReference; includeInIndex = 1; lastKnownFileType = text.xcconfig; name = "Pods-funController.release.xcconfig"; path = "Target Support Files/Pods-funController/Pods-funController.release.xcconfig"; sourceTree = "<group>"; };
		39C227FC5BF508B74C98B7E7 /* Pods-funControllerTests.release.xcconfig */ = {isa = PBXFileReference; includeInIndex = 1; lastKnownFileType = text.xcconfig; name = "Pods-funControllerTests.release.xcconfig"; path = "Target Support Files/Pods-funControllerTests/Pods-funControllerTests.release.xcconfig"; sourceTree = "<group>"; };
		3E7EE2A7222EE09C00C5C863 /* funController.app */ = {isa = PBXFileReference; explicitFileType = wrapper.application; includeInIndex = 0; path = funController.app; sourceTree = BUILT_PRODUCTS_DIR; };
		3E7EE2AA222EE09D00C5C863 /* AppDelegate.swift */ = {isa = PBXFileReference; lastKnownFileType = sourcecode.swift; path = AppDelegate.swift; sourceTree = "<group>"; };
		3E7EE2AC222EE09D00C5C863 /* ViewController.swift */ = {isa = PBXFileReference; lastKnownFileType = sourcecode.swift; path = ViewController.swift; sourceTree = "<group>"; };
		3E7EE2AF222EE09D00C5C863 /* Base */ = {isa = PBXFileReference; lastKnownFileType = file.storyboard; name = Base; path = Base.lproj/Main.storyboard; sourceTree = "<group>"; };
		3E7EE2B1222EE09E00C5C863 /* Assets.xcassets */ = {isa = PBXFileReference; lastKnownFileType = folder.assetcatalog; path = Assets.xcassets; sourceTree = "<group>"; };
		3E7EE2B4222EE09E00C5C863 /* Base */ = {isa = PBXFileReference; lastKnownFileType = file.storyboard; name = Base; path = Base.lproj/LaunchScreen.storyboard; sourceTree = "<group>"; };
		3E7EE2B6222EE09E00C5C863 /* Info.plist */ = {isa = PBXFileReference; lastKnownFileType = text.plist.xml; path = Info.plist; sourceTree = "<group>"; };
		3E7EE2BB222EE09E00C5C863 /* funControllerTests.xctest */ = {isa = PBXFileReference; explicitFileType = wrapper.cfbundle; includeInIndex = 0; path = funControllerTests.xctest; sourceTree = BUILT_PRODUCTS_DIR; };
		3E7EE2BF222EE09E00C5C863 /* funControllerTests.swift */ = {isa = PBXFileReference; lastKnownFileType = sourcecode.swift; path = funControllerTests.swift; sourceTree = "<group>"; };
		3E7EE2C1222EE09E00C5C863 /* Info.plist */ = {isa = PBXFileReference; lastKnownFileType = text.plist.xml; path = Info.plist; sourceTree = "<group>"; };
		3E7EE2C6222EE09E00C5C863 /* funControllerUITests.xctest */ = {isa = PBXFileReference; explicitFileType = wrapper.cfbundle; includeInIndex = 0; path = funControllerUITests.xctest; sourceTree = BUILT_PRODUCTS_DIR; };
		3E7EE2CA222EE09E00C5C863 /* funControllerUITests.swift */ = {isa = PBXFileReference; lastKnownFileType = sourcecode.swift; path = funControllerUITests.swift; sourceTree = "<group>"; };
		3E7EE2CC222EE09E00C5C863 /* Info.plist */ = {isa = PBXFileReference; lastKnownFileType = text.plist.xml; path = Info.plist; sourceTree = "<group>"; };
		3EC1DD6A22308AF300F52AAC /* arrowView.swift */ = {isa = PBXFileReference; lastKnownFileType = sourcecode.swift; path = arrowView.swift; sourceTree = "<group>"; };
		41D1DA0B7DF8CDE2BBE98049 /* Pods_funControllerUITests.framework */ = {isa = PBXFileReference; explicitFileType = wrapper.framework; includeInIndex = 0; path = Pods_funControllerUITests.framework; sourceTree = BUILT_PRODUCTS_DIR; };
		4F36A7ECF36DEA33727C7264 /* Pods-funController.debug.xcconfig */ = {isa = PBXFileReference; includeInIndex = 1; lastKnownFileType = text.xcconfig; name = "Pods-funController.debug.xcconfig"; path = "Target Support Files/Pods-funController/Pods-funController.debug.xcconfig"; sourceTree = "<group>"; };
		829D5FFE9639C21A9F3722B4 /* Pods_funController.framework */ = {isa = PBXFileReference; explicitFileType = wrapper.framework; includeInIndex = 0; path = Pods_funController.framework; sourceTree = BUILT_PRODUCTS_DIR; };
		8AB33289F7D98935750E1999 /* Pods-funControllerTests.debug.xcconfig */ = {isa = PBXFileReference; includeInIndex = 1; lastKnownFileType = text.xcconfig; name = "Pods-funControllerTests.debug.xcconfig"; path = "Target Support Files/Pods-funControllerTests/Pods-funControllerTests.debug.xcconfig"; sourceTree = "<group>"; };
		90D0CFFA349E9F2E21D5DCFC /* Pods-funControllerUITests.debug.xcconfig */ = {isa = PBXFileReference; includeInIndex = 1; lastKnownFileType = text.xcconfig; name = "Pods-funControllerUITests.debug.xcconfig"; path = "Target Support Files/Pods-funControllerUITests/Pods-funControllerUITests.debug.xcconfig"; sourceTree = "<group>"; };
		C5703C4D98FE94BF886BC24A /* Pods_funControllerTests.framework */ = {isa = PBXFileReference; explicitFileType = wrapper.framework; includeInIndex = 0; path = Pods_funControllerTests.framework; sourceTree = BUILT_PRODUCTS_DIR; };
		DD365213E2F8F923FB392F5F /* Pods-funControllerUITests.release.xcconfig */ = {isa = PBXFileReference; includeInIndex = 1; lastKnownFileType = text.xcconfig; name = "Pods-funControllerUITests.release.xcconfig"; path = "Target Support Files/Pods-funControllerUITests/Pods-funControllerUITests.release.xcconfig"; sourceTree = "<group>"; };
/* End PBXFileReference section */

/* Begin PBXFrameworksBuildPhase section */
		3E7EE2A4222EE09C00C5C863 /* Frameworks */ = {
			isa = PBXFrameworksBuildPhase;
			buildActionMask = 2147483647;
			files = (
				C2BA91996B124C15215FE3DB /* Pods_funController.framework in Frameworks */,
			);
			runOnlyForDeploymentPostprocessing = 0;
		};
		3E7EE2B8222EE09E00C5C863 /* Frameworks */ = {
			isa = PBXFrameworksBuildPhase;
			buildActionMask = 2147483647;
			files = (
				6CC307467B39AA270DF9C2F8 /* Pods_funControllerTests.framework in Frameworks */,
			);
			runOnlyForDeploymentPostprocessing = 0;
		};
		3E7EE2C3222EE09E00C5C863 /* Frameworks */ = {
			isa = PBXFrameworksBuildPhase;
			buildActionMask = 2147483647;
			files = (
				C2F2DDA7E05994C667ECD352 /* Pods_funControllerUITests.framework in Frameworks */,
			);
			runOnlyForDeploymentPostprocessing = 0;
		};
/* End PBXFrameworksBuildPhase section */

/* Begin PBXGroup section */
		3E7EE29E222EE09C00C5C863 = {
			isa = PBXGroup;
			children = (
				3E7EE2A9222EE09C00C5C863 /* funController */,
				3E7EE2BE222EE09E00C5C863 /* funControllerTests */,
				3E7EE2C9222EE09E00C5C863 /* funControllerUITests */,
				3E7EE2A8222EE09C00C5C863 /* Products */,
				4FB535B1BDCE64BE41FACF3E /* Pods */,
				BD050F0558F70012A415CC01 /* Frameworks */,
			);
			sourceTree = "<group>";
		};
		3E7EE2A8222EE09C00C5C863 /* Products */ = {
			isa = PBXGroup;
			children = (
				3E7EE2A7222EE09C00C5C863 /* funController.app */,
				3E7EE2BB222EE09E00C5C863 /* funControllerTests.xctest */,
				3E7EE2C6222EE09E00C5C863 /* funControllerUITests.xctest */,
			);
			name = Products;
			sourceTree = "<group>";
		};
		3E7EE2A9222EE09C00C5C863 /* funController */ = {
			isa = PBXGroup;
			children = (
				3EC1DD6A22308AF300F52AAC /* arrowView.swift */,
				3E7EE2AA222EE09D00C5C863 /* AppDelegate.swift */,
				3E7EE2AC222EE09D00C5C863 /* ViewController.swift */,
				3E7EE2AE222EE09D00C5C863 /* Main.storyboard */,
				3E7EE2B1222EE09E00C5C863 /* Assets.xcassets */,
				3E7EE2B3222EE09E00C5C863 /* LaunchScreen.storyboard */,
				3E7EE2B6222EE09E00C5C863 /* Info.plist */,
			);
			path = funController;
			sourceTree = "<group>";
		};
		3E7EE2BE222EE09E00C5C863 /* funControllerTests */ = {
			isa = PBXGroup;
			children = (
				3E7EE2BF222EE09E00C5C863 /* funControllerTests.swift */,
				3E7EE2C1222EE09E00C5C863 /* Info.plist */,
			);
			path = funControllerTests;
			sourceTree = "<group>";
		};
		3E7EE2C9222EE09E00C5C863 /* funControllerUITests */ = {
			isa = PBXGroup;
			children = (
				3E7EE2CA222EE09E00C5C863 /* funControllerUITests.swift */,
				3E7EE2CC222EE09E00C5C863 /* Info.plist */,
			);
			path = funControllerUITests;
			sourceTree = "<group>";
		};
		4FB535B1BDCE64BE41FACF3E /* Pods */ = {
			isa = PBXGroup;
			children = (
				4F36A7ECF36DEA33727C7264 /* Pods-funController.debug.xcconfig */,
				1806124A3ED4ACE47F0CA568 /* Pods-funController.release.xcconfig */,
				8AB33289F7D98935750E1999 /* Pods-funControllerTests.debug.xcconfig */,
				39C227FC5BF508B74C98B7E7 /* Pods-funControllerTests.release.xcconfig */,
				90D0CFFA349E9F2E21D5DCFC /* Pods-funControllerUITests.debug.xcconfig */,
				DD365213E2F8F923FB392F5F /* Pods-funControllerUITests.release.xcconfig */,
			);
			name = Pods;
			path = Pods;
			sourceTree = "<group>";
		};
		BD050F0558F70012A415CC01 /* Frameworks */ = {
			isa = PBXGroup;
			children = (
				829D5FFE9639C21A9F3722B4 /* Pods_funController.framework */,
				C5703C4D98FE94BF886BC24A /* Pods_funControllerTests.framework */,
				41D1DA0B7DF8CDE2BBE98049 /* Pods_funControllerUITests.framework */,
			);
			name = Frameworks;
			sourceTree = "<group>";
		};
/* End PBXGroup section */

/* Begin PBXNativeTarget section */
		3E7EE2A6222EE09C00C5C863 /* funController */ = {
			isa = PBXNativeTarget;
			buildConfigurationList = 3E7EE2CF222EE09E00C5C863 /* Build configuration list for PBXNativeTarget "funController" */;
			buildPhases = (
				621C4E85E23FC07BDFF085B2 /* [CP] Check Pods Manifest.lock */,
				3E7EE2A3222EE09C00C5C863 /* Sources */,
				3E7EE2A4222EE09C00C5C863 /* Frameworks */,
				3E7EE2A5222EE09C00C5C863 /* Resources */,
				4215D340CD9B6697FE5902B6 /* [CP] Embed Pods Frameworks */,
			);
			buildRules = (
			);
			dependencies = (
			);
			name = funController;
			productName = funController;
			productReference = 3E7EE2A7222EE09C00C5C863 /* funController.app */;
			productType = "com.apple.product-type.application";
		};
		3E7EE2BA222EE09E00C5C863 /* funControllerTests */ = {
			isa = PBXNativeTarget;
			buildConfigurationList = 3E7EE2D2222EE09E00C5C863 /* Build configuration list for PBXNativeTarget "funControllerTests" */;
			buildPhases = (
				A6B446E0ACBC4CA4E267D5D8 /* [CP] Check Pods Manifest.lock */,
				3E7EE2B7222EE09E00C5C863 /* Sources */,
				3E7EE2B8222EE09E00C5C863 /* Frameworks */,
				3E7EE2B9222EE09E00C5C863 /* Resources */,
			);
			buildRules = (
			);
			dependencies = (
				3E7EE2BD222EE09E00C5C863 /* PBXTargetDependency */,
			);
			name = funControllerTests;
			productName = funControllerTests;
			productReference = 3E7EE2BB222EE09E00C5C863 /* funControllerTests.xctest */;
			productType = "com.apple.product-type.bundle.unit-test";
		};
		3E7EE2C5222EE09E00C5C863 /* funControllerUITests */ = {
			isa = PBXNativeTarget;
			buildConfigurationList = 3E7EE2D5222EE09E00C5C863 /* Build configuration list for PBXNativeTarget "funControllerUITests" */;
			buildPhases = (
				294DD0EAE94F701155466C1B /* [CP] Check Pods Manifest.lock */,
				3E7EE2C2222EE09E00C5C863 /* Sources */,
				3E7EE2C3222EE09E00C5C863 /* Frameworks */,
				3E7EE2C4222EE09E00C5C863 /* Resources */,
			);
			buildRules = (
			);
			dependencies = (
				3E7EE2C8222EE09E00C5C863 /* PBXTargetDependency */,
			);
			name = funControllerUITests;
			productName = funControllerUITests;
			productReference = 3E7EE2C6222EE09E00C5C863 /* funControllerUITests.xctest */;
			productType = "com.apple.product-type.bundle.ui-testing";
		};
/* End PBXNativeTarget section */

/* Begin PBXProject section */
		3E7EE29F222EE09C00C5C863 /* Project object */ = {
			isa = PBXProject;
			attributes = {
				LastSwiftUpdateCheck = 1010;
				LastUpgradeCheck = 1010;
				ORGANIZATIONNAME = "ching Hsi chou";
				TargetAttributes = {
					3E7EE2A6222EE09C00C5C863 = {
						CreatedOnToolsVersion = 10.1;
					};
					3E7EE2BA222EE09E00C5C863 = {
						CreatedOnToolsVersion = 10.1;
						TestTargetID = 3E7EE2A6222EE09C00C5C863;
					};
					3E7EE2C5222EE09E00C5C863 = {
						CreatedOnToolsVersion = 10.1;
						TestTargetID = 3E7EE2A6222EE09C00C5C863;
					};
				};
			};
			buildConfigurationList = 3E7EE2A2222EE09C00C5C863 /* Build configuration list for PBXProject "funController" */;
			compatibilityVersion = "Xcode 9.3";
			developmentRegion = en;
			hasScannedForEncodings = 0;
			knownRegions = (
				en,
				Base,
			);
			mainGroup = 3E7EE29E222EE09C00C5C863;
			productRefGroup = 3E7EE2A8222EE09C00C5C863 /* Products */;
			projectDirPath = "";
			projectRoot = "";
			targets = (
				3E7EE2A6222EE09C00C5C863 /* funController */,
				3E7EE2BA222EE09E00C5C863 /* funControllerTests */,
				3E7EE2C5222EE09E00C5C863 /* funControllerUITests */,
			);
		};
/* End PBXProject section */

/* Begin PBXResourcesBuildPhase section */
		3E7EE2A5222EE09C00C5C863 /* Resources */ = {
			isa = PBXResourcesBuildPhase;
			buildActionMask = 2147483647;
			files = (
				3E7EE2B5222EE09E00C5C863 /* LaunchScreen.storyboard in Resources */,
				3E7EE2B2222EE09E00C5C863 /* Assets.xcassets in Resources */,
				3E7EE2B0222EE09D00C5C863 /* Main.storyboard in Resources */,
			);
			runOnlyForDeploymentPostprocessing = 0;
		};
		3E7EE2B9222EE09E00C5C863 /* Resources */ = {
			isa = PBXResourcesBuildPhase;
			buildActionMask = 2147483647;
			files = (
			);
			runOnlyForDeploymentPostprocessing = 0;
		};
		3E7EE2C4222EE09E00C5C863 /* Resources */ = {
			isa = PBXResourcesBuildPhase;
			buildActionMask = 2147483647;
			files = (
			);
			runOnlyForDeploymentPostprocessing = 0;
		};
/* End PBXResourcesBuildPhase section */

/* Begin PBXShellScriptBuildPhase section */
		294DD0EAE94F701155466C1B /* [CP] Check Pods Manifest.lock */ = {
			isa = PBXShellScriptBuildPhase;
			buildActionMask = 2147483647;
			files = (
			);
			inputFileListPaths = (
			);
			inputPaths = (
				"${PODS_PODFILE_DIR_PATH}/Podfile.lock",
				"${PODS_ROOT}/Manifest.lock",
			);
			name = "[CP] Check Pods Manifest.lock";
			outputFileListPaths = (
			);
			outputPaths = (
				"$(DERIVED_FILE_DIR)/Pods-funControllerUITests-checkManifestLockResult.txt",
			);
			runOnlyForDeploymentPostprocessing = 0;
			shellPath = /bin/sh;
			shellScript = "diff \"${PODS_PODFILE_DIR_PATH}/Podfile.lock\" \"${PODS_ROOT}/Manifest.lock\" > /dev/null\nif [ $? != 0 ] ; then\n    # print error to STDERR\n    echo \"error: The sandbox is not in sync with the Podfile.lock. Run 'pod install' or update your CocoaPods installation.\" >&2\n    exit 1\nfi\n# This output is used by Xcode 'outputs' to avoid re-running this script phase.\necho \"SUCCESS\" > \"${SCRIPT_OUTPUT_FILE_0}\"\n";
			showEnvVarsInLog = 0;
		};
		4215D340CD9B6697FE5902B6 /* [CP] Embed Pods Frameworks */ = {
			isa = PBXShellScriptBuildPhase;
			buildActionMask = 2147483647;
			files = (
			);
			inputFileListPaths = (
			);
			inputPaths = (
				"${PODS_ROOT}/Target Support Files/Pods-funController/Pods-funController-frameworks.sh",
				"${BUILT_PRODUCTS_DIR}/Starscream/Starscream.framework",
			);
			name = "[CP] Embed Pods Frameworks";
			outputFileListPaths = (
			);
			outputPaths = (
				"${TARGET_BUILD_DIR}/${FRAMEWORKS_FOLDER_PATH}/Starscream.framework",
			);
			runOnlyForDeploymentPostprocessing = 0;
			shellPath = /bin/sh;
			shellScript = "\"${PODS_ROOT}/Target Support Files/Pods-funController/Pods-funController-frameworks.sh\"\n";
			showEnvVarsInLog = 0;
		};
		621C4E85E23FC07BDFF085B2 /* [CP] Check Pods Manifest.lock */ = {
			isa = PBXShellScriptBuildPhase;
			buildActionMask = 2147483647;
			files = (
			);
			inputFileListPaths = (
			);
			inputPaths = (
				"${PODS_PODFILE_DIR_PATH}/Podfile.lock",
				"${PODS_ROOT}/Manifest.lock",
			);
			name = "[CP] Check Pods Manifest.lock";
			outputFileListPaths = (
			);
			outputPaths = (
				"$(DERIVED_FILE_DIR)/Pods-funController-checkManifestLockResult.txt",
			);
			runOnlyForDeploymentPostprocessing = 0;
			shellPath = /bin/sh;
			shellScript = "diff \"${PODS_PODFILE_DIR_PATH}/Podfile.lock\" \"${PODS_ROOT}/Manifest.lock\" > /dev/null\nif [ $? != 0 ] ; then\n    # print error to STDERR\n    echo \"error: The sandbox is not in sync with the Podfile.lock. Run 'pod install' or update your CocoaPods installation.\" >&2\n    exit 1\nfi\n# This output is used by Xcode 'outputs' to avoid re-running this script phase.\necho \"SUCCESS\" > \"${SCRIPT_OUTPUT_FILE_0}\"\n";
			showEnvVarsInLog = 0;
		};
		A6B446E0ACBC4CA4E267D5D8 /* [CP] Check Pods Manifest.lock */ = {
			isa = PBXShellScriptBuildPhase;
			buildActionMask = 2147483647;
			files = (
			);
			inputFileListPaths = (
			);
			inputPaths = (
				"${PODS_PODFILE_DIR_PATH}/Podfile.lock",
				"${PODS_ROOT}/Manifest.lock",
			);
			name = "[CP] Check Pods Manifest.lock";
			outputFileListPaths = (
			);
			outputPaths = (
				"$(DERIVED_FILE_DIR)/Pods-funControllerTests-checkManifestLockResult.txt",
			);
			runOnlyForDeploymentPostprocessing = 0;
			shellPath = /bin/sh;
			shellScript = "diff \"${PODS_PODFILE_DIR_PATH}/Podfile.lock\" \"${PODS_ROOT}/Manifest.lock\" > /dev/null\nif [ $? != 0 ] ; then\n    # print error to STDERR\n    echo \"error: The sandbox is not in sync with the Podfile.lock. Run 'pod install' or update your CocoaPods installation.\" >&2\n    exit 1\nfi\n# This output is used by Xcode 'outputs' to avoid re-running this script phase.\necho \"SUCCESS\" > \"${SCRIPT_OUTPUT_FILE_0}\"\n";
			showEnvVarsInLog = 0;
		};
/* End PBXShellScriptBuildPhase section */

/* Begin PBXSourcesBuildPhase section */
		3E7EE2A3222EE09C00C5C863 /* Sources */ = {
			isa = PBXSourcesBuildPhase;
			buildActionMask = 2147483647;
			files = (
				3EC1DD6B22308AF300F52AAC /* arrowView.swift in Sources */,
				3E7EE2AD222EE09D00C5C863 /* ViewController.swift in Sources */,
				3E7EE2AB222EE09D00C5C863 /* AppDelegate.swift in Sources */,
			);
			runOnlyForDeploymentPostprocessing = 0;
		};
		3E7EE2B7222EE09E00C5C863 /* Sources */ = {
			isa = PBXSourcesBuildPhase;
			buildActionMask = 2147483647;
			files = (
				3E7EE2C0222EE09E00C5C863 /* funControllerTests.swift in Sources */,
			);
			runOnlyForDeploymentPostprocessing = 0;
		};
		3E7EE2C2222EE09E00C5C863 /* Sources */ = {
			isa = PBXSourcesBuildPhase;
			buildActionMask = 2147483647;
			files = (
				3E7EE2CB222EE09E00C5C863 /* funControllerUITests.swift in Sources */,
			);
			runOnlyForDeploymentPostprocessing = 0;
		};
/* End PBXSourcesBuildPhase section */

/* Begin PBXTargetDependency section */
		3E7EE2BD222EE09E00C5C863 /* PBXTargetDependency */ = {
			isa = PBXTargetDependency;
			target = 3E7EE2A6222EE09C00C5C863 /* funController */;
			targetProxy = 3E7EE2BC222EE09E00C5C863 /* PBXContainerItemProxy */;
		};
		3E7EE2C8222EE09E00C5C863 /* PBXTargetDependency */ = {
			isa = PBXTargetDependency;
			target = 3E7EE2A6222EE09C00C5C863 /* funController */;
			targetProxy = 3E7EE2C7222EE09E00C5C863 /* PBXContainerItemProxy */;
		};
/* End PBXTargetDependency section */

/* Begin PBXVariantGroup section */
		3E7EE2AE222EE09D00C5C863 /* Main.storyboard */ = {
			isa = PBXVariantGroup;
			children = (
				3E7EE2AF222EE09D00C5C863 /* Base */,
			);
			name = Main.storyboard;
			sourceTree = "<group>";
		};
		3E7EE2B3222EE09E00C5C863 /* LaunchScreen.storyboard */ = {
			isa = PBXVariantGroup;
			children = (
				3E7EE2B4222EE09E00C5C863 /* Base */,
			);
			name = LaunchScreen.storyboard;
			sourceTree = "<group>";
		};
/* End PBXVariantGroup section */

/* Begin XCBuildConfiguration section */
		3E7EE2CD222EE09E00C5C863 /* Debug */ = {
			isa = XCBuildConfiguration;
			buildSettings = {
				ALWAYS_SEARCH_USER_PATHS = NO;
				CLANG_ANALYZER_NONNULL = YES;
				CLANG_ANALYZER_NUMBER_OBJECT_CONVERSION = YES_AGGRESSIVE;
				CLANG_CXX_LANGUAGE_STANDARD = "gnu++14";
				CLANG_CXX_LIBRARY = "libc++";
				CLANG_ENABLE_MODULES = YES;
				CLANG_ENABLE_OBJC_ARC = YES;
				CLANG_ENABLE_OBJC_WEAK = YES;
				CLANG_WARN_BLOCK_CAPTURE_AUTORELEASING = YES;
				CLANG_WARN_BOOL_CONVERSION = YES;
				CLANG_WARN_COMMA = YES;
				CLANG_WARN_CONSTANT_CONVERSION = YES;
				CLANG_WARN_DEPRECATED_OBJC_IMPLEMENTATIONS = YES;
				CLANG_WARN_DIRECT_OBJC_ISA_USAGE = YES_ERROR;
				CLANG_WARN_DOCUMENTATION_COMMENTS = YES;
				CLANG_WARN_EMPTY_BODY = YES;
				CLANG_WARN_ENUM_CONVERSION = YES;
				CLANG_WARN_INFINITE_RECURSION = YES;
				CLANG_WARN_INT_CONVERSION = YES;
				CLANG_WARN_NON_LITERAL_NULL_CONVERSION = YES;
				CLANG_WARN_OBJC_IMPLICIT_RETAIN_SELF = YES;
				CLANG_WARN_OBJC_LITERAL_CONVERSION = YES;
				CLANG_WARN_OBJC_ROOT_CLASS = YES_ERROR;
				CLANG_WARN_RANGE_LOOP_ANALYSIS = YES;
				CLANG_WARN_STRICT_PROTOTYPES = YES;
				CLANG_WARN_SUSPICIOUS_MOVE = YES;
				CLANG_WARN_UNGUARDED_AVAILABILITY = YES_AGGRESSIVE;
				CLANG_WARN_UNREACHABLE_CODE = YES;
				CLANG_WARN__DUPLICATE_METHOD_MATCH = YES;
				CODE_SIGN_IDENTITY = "iPhone Developer";
				COPY_PHASE_STRIP = NO;
				DEBUG_INFORMATION_FORMAT = dwarf;
				ENABLE_STRICT_OBJC_MSGSEND = YES;
				ENABLE_TESTABILITY = YES;
				GCC_C_LANGUAGE_STANDARD = gnu11;
				GCC_DYNAMIC_NO_PIC = NO;
				GCC_NO_COMMON_BLOCKS = YES;
				GCC_OPTIMIZATION_LEVEL = 0;
				GCC_PREPROCESSOR_DEFINITIONS = (
					"DEBUG=1",
					"$(inherited)",
				);
				GCC_WARN_64_TO_32_BIT_CONVERSION = YES;
				GCC_WARN_ABOUT_RETURN_TYPE = YES_ERROR;
				GCC_WARN_UNDECLARED_SELECTOR = YES;
				GCC_WARN_UNINITIALIZED_AUTOS = YES_AGGRESSIVE;
				GCC_WARN_UNUSED_FUNCTION = YES;
				GCC_WARN_UNUSED_VARIABLE = YES;
				IPHONEOS_DEPLOYMENT_TARGET = 12.1;
				MTL_ENABLE_DEBUG_INFO = INCLUDE_SOURCE;
				MTL_FAST_MATH = YES;
				ONLY_ACTIVE_ARCH = YES;
				SDKROOT = iphoneos;
				SWIFT_ACTIVE_COMPILATION_CONDITIONS = DEBUG;
				SWIFT_OPTIMIZATION_LEVEL = "-Onone";
			};
			name = Debug;
		};
		3E7EE2CE222EE09E00C5C863 /* Release */ = {
			isa = XCBuildConfiguration;
			buildSettings = {
				ALWAYS_SEARCH_USER_PATHS = NO;
				CLANG_ANALYZER_NONNULL = YES;
				CLANG_ANALYZER_NUMBER_OBJECT_CONVERSION = YES_AGGRESSIVE;
				CLANG_CXX_LANGUAGE_STANDARD = "gnu++14";
				CLANG_CXX_LIBRARY = "libc++";
				CLANG_ENABLE_MODULES = YES;
				CLANG_ENABLE_OBJC_ARC = YES;
				CLANG_ENABLE_OBJC_WEAK = YES;
				CLANG_WARN_BLOCK_CAPTURE_AUTORELEASING = YES;
				CLANG_WARN_BOOL_CONVERSION = YES;
				CLANG_WARN_COMMA = YES;
				CLANG_WARN_CONSTANT_CONVERSION = YES;
				CLANG_WARN_DEPRECATED_OBJC_IMPLEMENTATIONS = YES;
				CLANG_WARN_DIRECT_OBJC_ISA_USAGE = YES_ERROR;
				CLANG_WARN_DOCUMENTATION_COMMENTS = YES;
				CLANG_WARN_EMPTY_BODY = YES;
				CLANG_WARN_ENUM_CONVERSION = YES;
				CLANG_WARN_INFINITE_RECURSION = YES;
				CLANG_WARN_INT_CONVERSION = YES;
				CLANG_WARN_NON_LITERAL_NULL_CONVERSION = YES;
				CLANG_WARN_OBJC_IMPLICIT_RETAIN_SELF = YES;
				CLANG_WARN_OBJC_LITERAL_CONVERSION = YES;
				CLANG_WARN_OBJC_ROOT_CLASS = YES_ERROR;
				CLANG_WARN_RANGE_LOOP_ANALYSIS = YES;
				CLANG_WARN_STRICT_PROTOTYPES = YES;
				CLANG_WARN_SUSPICIOUS_MOVE = YES;
				CLANG_WARN_UNGUARDED_AVAILABILITY = YES_AGGRESSIVE;
				CLANG_WARN_UNREACHABLE_CODE = YES;
				CLANG_WARN__DUPLICATE_METHOD_MATCH = YES;
				CODE_SIGN_IDENTITY = "iPhone Developer";
				COPY_PHASE_STRIP = NO;
				DEBUG_INFORMATION_FORMAT = "dwarf-with-dsym";
				ENABLE_NS_ASSERTIONS = NO;
				ENABLE_STRICT_OBJC_MSGSEND = YES;
				GCC_C_LANGUAGE_STANDARD = gnu11;
				GCC_NO_COMMON_BLOCKS = YES;
				GCC_WARN_64_TO_32_BIT_CONVERSION = YES;
				GCC_WARN_ABOUT_RETURN_TYPE = YES_ERROR;
				GCC_WARN_UNDECLARED_SELECTOR = YES;
				GCC_WARN_UNINITIALIZED_AUTOS = YES_AGGRESSIVE;
				GCC_WARN_UNUSED_FUNCTION = YES;
				GCC_WARN_UNUSED_VARIABLE = YES;
				IPHONEOS_DEPLOYMENT_TARGET = 12.1;
				MTL_ENABLE_DEBUG_INFO = NO;
				MTL_FAST_MATH = YES;
				SDKROOT = iphoneos;
				SWIFT_COMPILATION_MODE = wholemodule;
				SWIFT_OPTIMIZATION_LEVEL = "-O";
				VALIDATE_PRODUCT = YES;
			};
			name = Release;
		};
		3E7EE2D0222EE09E00C5C863 /* Debug */ = {
			isa = XCBuildConfiguration;
			baseConfigurationReference = 4F36A7ECF36DEA33727C7264 /* Pods-funController.debug.xcconfig */;
			buildSettings = {
				ASSETCATALOG_COMPILER_APPICON_NAME = AppIcon;
				CODE_SIGN_STYLE = Automatic;
				DEVELOPMENT_TEAM = YH7584VSNN;
				INFOPLIST_FILE = funController/Info.plist;
				LD_RUNPATH_SEARCH_PATHS = (
					"$(inherited)",
					"@executable_path/Frameworks",
				);
				PRODUCT_BUNDLE_IDENTIFIER = sid.funController;
				PRODUCT_NAME = "$(TARGET_NAME)";
				SWIFT_VERSION = 4.2;
				TARGETED_DEVICE_FAMILY = "1,2";
			};
			name = Debug;
		};
		3E7EE2D1222EE09E00C5C863 /* Release */ = {
			isa = XCBuildConfiguration;
			baseConfigurationReference = 1806124A3ED4ACE47F0CA568 /* Pods-funController.release.xcconfig */;
			buildSettings = {
				ASSETCATALOG_COMPILER_APPICON_NAME = AppIcon;
				CODE_SIGN_STYLE = Automatic;
				DEVELOPMENT_TEAM = YH7584VSNN;
				INFOPLIST_FILE = funController/Info.plist;
				LD_RUNPATH_SEARCH_PATHS = (
					"$(inherited)",
					"@executable_path/Frameworks",
				);
				PRODUCT_BUNDLE_IDENTIFIER = sid.funController;
				PRODUCT_NAME = "$(TARGET_NAME)";
				SWIFT_VERSION = 4.2;
				TARGETED_DEVICE_FAMILY = "1,2";
			};
			name = Release;
		};
		3E7EE2D3222EE09E00C5C863 /* Debug */ = {
			isa = XCBuildConfiguration;
			baseConfigurationReference = 8AB33289F7D98935750E1999 /* Pods-funControllerTests.debug.xcconfig */;
			buildSettings = {
				ALWAYS_EMBED_SWIFT_STANDARD_LIBRARIES = YES;
				BUNDLE_LOADER = "$(TEST_HOST)";
				CODE_SIGN_STYLE = Automatic;
				DEVELOPMENT_TEAM = YH7584VSNN;
				INFOPLIST_FILE = funControllerTests/Info.plist;
				LD_RUNPATH_SEARCH_PATHS = (
					"$(inherited)",
					"@executable_path/Frameworks",
					"@loader_path/Frameworks",
				);
				PRODUCT_BUNDLE_IDENTIFIER = sid.funControllerTests;
				PRODUCT_NAME = "$(TARGET_NAME)";
				SWIFT_VERSION = 4.2;
				TARGETED_DEVICE_FAMILY = "1,2";
				TEST_HOST = "$(BUILT_PRODUCTS_DIR)/funController.app/funController";
			};
			name = Debug;
		};
		3E7EE2D4222EE09E00C5C863 /* Release */ = {
			isa = XCBuildConfiguration;
			baseConfigurationReference = 39C227FC5BF508B74C98B7E7 /* Pods-funControllerTests.release.xcconfig */;
			buildSettings = {
				ALWAYS_EMBED_SWIFT_STANDARD_LIBRARIES = YES;
				BUNDLE_LOADER = "$(TEST_HOST)";
				CODE_SIGN_STYLE = Automatic;
				DEVELOPMENT_TEAM = YH7584VSNN;
				INFOPLIST_FILE = funControllerTests/Info.plist;
				LD_RUNPATH_SEARCH_PATHS = (
					"$(inherited)",
					"@executable_path/Frameworks",
					"@loader_path/Frameworks",
				);
				PRODUCT_BUNDLE_IDENTIFIER = sid.funControllerTests;
				PRODUCT_NAME = "$(TARGET_NAME)";
				SWIFT_VERSION = 4.2;
				TARGETED_DEVICE_FAMILY = "1,2";
				TEST_HOST = "$(BUILT_PRODUCTS_DIR)/funController.app/funController";
			};
			name = Release;
		};
		3E7EE2D6222EE09E00C5C863 /* Debug */ = {
			isa = XCBuildConfiguration;
			baseConfigurationReference = 90D0CFFA349E9F2E21D5DCFC /* Pods-funControllerUITests.debug.xcconfig */;
			buildSettings = {
				ALWAYS_EMBED_SWIFT_STANDARD_LIBRARIES = YES;
				CODE_SIGN_STYLE = Automatic;
				DEVELOPMENT_TEAM = YH7584VSNN;
				INFOPLIST_FILE = funControllerUITests/Info.plist;
				LD_RUNPATH_SEARCH_PATHS = (
					"$(inherited)",
					"@executable_path/Frameworks",
					"@loader_path/Frameworks",
				);
				PRODUCT_BUNDLE_IDENTIFIER = sid.funControllerUITests;
				PRODUCT_NAME = "$(TARGET_NAME)";
				SWIFT_VERSION = 4.2;
				TARGETED_DEVICE_FAMILY = "1,2";
				TEST_TARGET_NAME = funController;
			};
			name = Debug;
		};
		3E7EE2D7222EE09E00C5C863 /* Release */ = {
			isa = XCBuildConfiguration;
			baseConfigurationReference = DD365213E2F8F923FB392F5F /* Pods-funControllerUITests.release.xcconfig */;
			buildSettings = {
				ALWAYS_EMBED_SWIFT_STANDARD_LIBRARIES = YES;
				CODE_SIGN_STYLE = Automatic;
				DEVELOPMENT_TEAM = YH7584VSNN;
				INFOPLIST_FILE = funControllerUITests/Info.plist;
				LD_RUNPATH_SEARCH_PATHS = (
					"$(inherited)",
					"@executable_path/Frameworks",
					"@loader_path/Frameworks",
				);
				PRODUCT_BUNDLE_IDENTIFIER = sid.funControllerUITests;
				PRODUCT_NAME = "$(TARGET_NAME)";
				SWIFT_VERSION = 4.2;
				TARGETED_DEVICE_FAMILY = "1,2";
				TEST_TARGET_NAME = funController;
			};
			name = Release;
		};
/* End XCBuildConfiguration section */

/* Begin XCConfigurationList section */
		3E7EE2A2222EE09C00C5C863 /* Build configuration list for PBXProject "funController" */ = {
			isa = XCConfigurationList;
			buildConfigurations = (
				3E7EE2CD222EE09E00C5C863 /* Debug */,
				3E7EE2CE222EE09E00C5C863 /* Release */,
			);
			defaultConfigurationIsVisible = 0;
			defaultConfigurationName = Release;
		};
		3E7EE2CF222EE09E00C5C863 /* Build configuration list for PBXNativeTarget "funController" */ = {
			isa = XCConfigurationList;
			buildConfigurations = (
				3E7EE2D0222EE09E00C5C863 /* Debug */,
				3E7EE2D1222EE09E00C5C863 /* Release */,
			);
			defaultConfigurationIsVisible = 0;
			defaultConfigurationName = Release;
		};
		3E7EE2D2222EE09E00C5C863 /* Build configuration list for PBXNativeTarget "funControllerTests" */ = {
			isa = XCConfigurationList;
			buildConfigurations = (
				3E7EE2D3222EE09E00C5C863 /* Debug */,
				3E7EE2D4222EE09E00C5C863 /* Release */,
			);
			defaultConfigurationIsVisible = 0;
			defaultConfigurationName = Release;
		};
		3E7EE2D5222EE09E00C5C863 /* Build configuration list for PBXNativeTarget "funControllerUITests" */ = {
			isa = XCConfigurationList;
			buildConfigurations = (
				3E7EE2D6222EE09E00C5C863 /* Debug */,
				3E7EE2D7222EE09E00C5C863 /* Release */,
			);
			defaultConfigurationIsVisible = 0;
			defaultConfigurationName = Release;
		};
/* End XCConfigurationList section */
	};
	rootObject = 3E7EE29F222EE09C00C5C863 /* Project object */;
}
